
Microsoft Visual Studio Solution File, Format Version 12.00
# Visual Studio Version 16
VisualStudioVersion = 16.0.29613.14
MinimumVisualStudioVersion = 10.0.40219.1
Project("{FAE04EC0-301F-11D3-BF4B-00C04F79EFBC}") = "Redes_De_Solidaridad", "Redes_De_Solidaridad.csproj", "{76BC91F3-C4F1-4B03-A790-CE176630EDB8}"
EndProject
Global
	GlobalSection(SolutionConfigurationPlatforms) = preSolution
		Debug|Any CPU = Debug|Any CPU
		Release|Any CPU = Release|Any CPU
	EndGlobalSection
	GlobalSection(ProjectConfigurationPlatforms) = postSolution
		{76BC91F3-C4F1-4B03-A790-CE176630EDB8}.Debug|Any CPU.ActiveCfg = Debug|Any CPU
		{76BC91F3-C4F1-4B03-A790-CE176630EDB8}.Debug|Any CPU.Build.0 = Debug|Any CPU
		{76BC91F3-C4F1-4B03-A790-CE176630EDB8}.Release|Any CPU.ActiveCfg = Release|Any CPU
		{76BC91F3-C4F1-4B03-A790-CE176630EDB8}.Release|Any CPU.Build.0 = Release|Any CPU
	EndGlobalSection
	GlobalSection(SolutionProperties) = preSolution
		HideSolutionNode = FALSE
	EndGlobalSection
	GlobalSection(ExtensibilityGlobals) = postSolution
		SolutionGuid = {49F53DBE-8BBF-4F48-9C6E-0A62A6DA220E}
	EndGlobalSection
EndGlobal
